
Microsoft Visual Studio Solution File, Format Version 12.00
# Visual Studio Version 16
VisualStudioVersion = 16.0.30114.105
MinimumVisualStudioVersion = 10.0.40219.1
Project("{FAE04EC0-301F-11D3-BF4B-00C04F79EFBC}") = "RemoraDiscordBot.Core", "RemoraDiscordBot.Core\RemoraDiscordBot.Core.csproj", "{11E028CF-69D3-4FB9-A00E-42BFA573BB77}"
EndProject
Project("{FAE04EC0-301F-11D3-BF4B-00C04F79EFBC}") = "RemoraDiscordBot.Worker", "RemoraDiscordBot.Worker\RemoraDiscordBot.Worker.csproj", "{8EBB2ED1-E959-4A02-AF82-08DADFBFE77C}"
EndProject
Global
	GlobalSection(SolutionConfigurationPlatforms) = preSolution
		Debug|Any CPU = Debug|Any CPU
		Release|Any CPU = Release|Any CPU
	EndGlobalSection
	GlobalSection(SolutionProperties) = preSolution
		HideSolutionNode = FALSE
	EndGlobalSection
	GlobalSection(ProjectConfigurationPlatforms) = postSolution
		{11E028CF-69D3-4FB9-A00E-42BFA573BB77}.Debug|Any CPU.ActiveCfg = Debug|Any CPU
		{11E028CF-69D3-4FB9-A00E-42BFA573BB77}.Debug|Any CPU.Build.0 = Debug|Any CPU
		{11E028CF-69D3-4FB9-A00E-42BFA573BB77}.Release|Any CPU.ActiveCfg = Release|Any CPU
		{11E028CF-69D3-4FB9-A00E-42BFA573BB77}.Release|Any CPU.Build.0 = Release|Any CPU
		{8EBB2ED1-E959-4A02-AF82-08DADFBFE77C}.Debug|Any CPU.ActiveCfg = Debug|Any CPU
		{8EBB2ED1-E959-4A02-AF82-08DADFBFE77C}.Debug|Any CPU.Build.0 = Debug|Any CPU
		{8EBB2ED1-E959-4A02-AF82-08DADFBFE77C}.Release|Any CPU.ActiveCfg = Release|Any CPU
		{8EBB2ED1-E959-4A02-AF82-08DADFBFE77C}.Release|Any CPU.Build.0 = Release|Any CPU
	EndGlobalSection
EndGlobal
